
Microsoft Visual Studio Solution File, Format Version 12.00
# Visual Studio Version 17
VisualStudioVersion = 17.4.33213.308
MinimumVisualStudioVersion = 10.0.40219.1
Project("{FAE04EC0-301F-11D3-BF4B-00C04F79EFBC}") = "QGXUN0_HFT_2023241.Client", "QGXUN0_HFT_2023241.Client\QGXUN0_HFT_2023241.Client.csproj", "{AD87EC7D-2933-48E1-A003-C3F63AF554EC}"
EndProject
Project("{FAE04EC0-301F-11D3-BF4B-00C04F79EFBC}") = "QGXUN0_HFT_2023241.Models", "QGXUN0_HFT_2023241.Models\QGXUN0_HFT_2023241.Models.csproj", "{69850D0B-4AC4-4C95-8E9B-708EEEFCDE62}"
EndProject
Project("{FAE04EC0-301F-11D3-BF4B-00C04F79EFBC}") = "QGXUN0_HFT_2023241.Logic", "QGXUN0_HFT_2023241.Logic\QGXUN0_HFT_2023241.Logic.csproj", "{D432AF1F-69AD-4B5F-9CA7-52D46BFE4DDD}"
EndProject
Project("{FAE04EC0-301F-11D3-BF4B-00C04F79EFBC}") = "QGXUN0_HFT_2023241.Repository", "QGXUN0_HFT_2023241.Repository\QGXUN0_HFT_2023241.Repository.csproj", "{6C26EFE2-2BD8-4DD1-9E37-3B4E2CA0A9E7}"
EndProject
Project("{FAE04EC0-301F-11D3-BF4B-00C04F79EFBC}") = "QGXUN0_HFT_2023241.Endpoint", "QGXUN0_HFT_2023241.Endpoint\QGXUN0_HFT_2023241.Endpoint.csproj", "{FCC8A16D-3CBC-45D7-89E8-1F0C69794B2C}"
EndProject
Project("{FAE04EC0-301F-11D3-BF4B-00C04F79EFBC}") = "QGXUN0_HFT_2023241.Test", "QGXUN0_HFT_2023241.Test\QGXUN0_HFT_2023241.Test.csproj", "{3CEFAB4E-CE9C-4D07-BE0C-112FD7DA098F}"
EndProject
Project("{2150E333-8FDC-42A3-9474-1A3956D46DE8}") = "Backend", "Backend", "{49B5B756-F72E-4559-8C4F-1CC1E9531114}"
EndProject
Project("{2150E333-8FDC-42A3-9474-1A3956D46DE8}") = "Frontend", "Frontend", "{F3BCEE1F-0D2C-424B-896F-3EC4B9092C8E}"
EndProject
Project("{2150E333-8FDC-42A3-9474-1A3956D46DE8}") = "Shared", "Shared", "{AC23AC2A-D713-4842-9BC0-DEEB51122E03}"
EndProject
Project("{2150E333-8FDC-42A3-9474-1A3956D46DE8}") = "Others", "Others", "{ECA0AEA8-9D8E-4A26-89EE-7CA7F3E87BF2}"
	ProjectSection(SolutionItems) = preProject
		.gitattributes = .gitattributes
		.gitignore = .gitignore
	EndProjectSection
EndProject
Global
	GlobalSection(SolutionConfigurationPlatforms) = preSolution
		Debug|Any CPU = Debug|Any CPU
		Release|Any CPU = Release|Any CPU
	EndGlobalSection
	GlobalSection(ProjectConfigurationPlatforms) = postSolution
		{AD87EC7D-2933-48E1-A003-C3F63AF554EC}.Debug|Any CPU.ActiveCfg = Debug|Any CPU
		{AD87EC7D-2933-48E1-A003-C3F63AF554EC}.Debug|Any CPU.Build.0 = Debug|Any CPU
		{AD87EC7D-2933-48E1-A003-C3F63AF554EC}.Release|Any CPU.ActiveCfg = Release|Any CPU
		{AD87EC7D-2933-48E1-A003-C3F63AF554EC}.Release|Any CPU.Build.0 = Release|Any CPU
		{69850D0B-4AC4-4C95-8E9B-708EEEFCDE62}.Debug|Any CPU.ActiveCfg = Debug|Any CPU
		{69850D0B-4AC4-4C95-8E9B-708EEEFCDE62}.Debug|Any CPU.Build.0 = Debug|Any CPU
		{69850D0B-4AC4-4C95-8E9B-708EEEFCDE62}.Release|Any CPU.ActiveCfg = Release|Any CPU
		{69850D0B-4AC4-4C95-8E9B-708EEEFCDE62}.Release|Any CPU.Build.0 = Release|Any CPU
		{D432AF1F-69AD-4B5F-9CA7-52D46BFE4DDD}.Debug|Any CPU.ActiveCfg = Debug|Any CPU
		{D432AF1F-69AD-4B5F-9CA7-52D46BFE4DDD}.Debug|Any CPU.Build.0 = Debug|Any CPU
		{D432AF1F-69AD-4B5F-9CA7-52D46BFE4DDD}.Release|Any CPU.ActiveCfg = Release|Any CPU
		{D432AF1F-69AD-4B5F-9CA7-52D46BFE4DDD}.Release|Any CPU.Build.0 = Release|Any CPU
		{6C26EFE2-2BD8-4DD1-9E37-3B4E2CA0A9E7}.Debug|Any CPU.ActiveCfg = Debug|Any CPU
		{6C26EFE2-2BD8-4DD1-9E37-3B4E2CA0A9E7}.Debug|Any CPU.Build.0 = Debug|Any CPU
		{6C26EFE2-2BD8-4DD1-9E37-3B4E2CA0A9E7}.Release|Any CPU.ActiveCfg = Release|Any CPU
		{6C26EFE2-2BD8-4DD1-9E37-3B4E2CA0A9E7}.Release|Any CPU.Build.0 = Release|Any CPU
		{FCC8A16D-3CBC-45D7-89E8-1F0C69794B2C}.Debug|Any CPU.ActiveCfg = Debug|Any CPU
		{FCC8A16D-3CBC-45D7-89E8-1F0C69794B2C}.Debug|Any CPU.Build.0 = Debug|Any CPU
		{FCC8A16D-3CBC-45D7-89E8-1F0C69794B2C}.Release|Any CPU.ActiveCfg = Release|Any CPU
		{FCC8A16D-3CBC-45D7-89E8-1F0C69794B2C}.Release|Any CPU.Build.0 = Release|Any CPU
		{3CEFAB4E-CE9C-4D07-BE0C-112FD7DA098F}.Debug|Any CPU.ActiveCfg = Debug|Any CPU
		{3CEFAB4E-CE9C-4D07-BE0C-112FD7DA098F}.Debug|Any CPU.Build.0 = Debug|Any CPU
		{3CEFAB4E-CE9C-4D07-BE0C-112FD7DA098F}.Release|Any CPU.ActiveCfg = Release|Any CPU
		{3CEFAB4E-CE9C-4D07-BE0C-112FD7DA098F}.Release|Any CPU.Build.0 = Release|Any CPU
	EndGlobalSection
	GlobalSection(SolutionProperties) = preSolution
		HideSolutionNode = FALSE
	EndGlobalSection
	GlobalSection(NestedProjects) = preSolution
		{AD87EC7D-2933-48E1-A003-C3F63AF554EC} = {F3BCEE1F-0D2C-424B-896F-3EC4B9092C8E}
		{69850D0B-4AC4-4C95-8E9B-708EEEFCDE62} = {AC23AC2A-D713-4842-9BC0-DEEB51122E03}
		{D432AF1F-69AD-4B5F-9CA7-52D46BFE4DDD} = {49B5B756-F72E-4559-8C4F-1CC1E9531114}
		{6C26EFE2-2BD8-4DD1-9E37-3B4E2CA0A9E7} = {49B5B756-F72E-4559-8C4F-1CC1E9531114}
		{FCC8A16D-3CBC-45D7-89E8-1F0C69794B2C} = {49B5B756-F72E-4559-8C4F-1CC1E9531114}
		{3CEFAB4E-CE9C-4D07-BE0C-112FD7DA098F} = {49B5B756-F72E-4559-8C4F-1CC1E9531114}
	EndGlobalSection
	GlobalSection(ExtensibilityGlobals) = postSolution
		SolutionGuid = {5E5840F2-D372-4798-B6C6-700AF5CDAF84}
	EndGlobalSection
EndGlobal
